
Microsoft Visual Studio Solution File, Format Version 12.00
# Visual Studio Version 17
VisualStudioVersion = 17.0.31612.314
MinimumVisualStudioVersion = 10.0.40219.1
Project("{FAE04EC0-301F-11D3-BF4B-00C04F79EFBC}") = "DevexpressDiagramTest", "DevexpressDiagramTest\DevexpressDiagramTest.csproj", "{AB9DF9A6-0307-47B8-965D-0A28003290B3}"
EndProject
Global
	GlobalSection(SolutionConfigurationPlatforms) = preSolution
		Debug|Any CPU = Debug|Any CPU
		Release|Any CPU = Release|Any CPU
	EndGlobalSection
	GlobalSection(ProjectConfigurationPlatforms) = postSolution
		{AB9DF9A6-0307-47B8-965D-0A28003290B3}.Debug|Any CPU.ActiveCfg = Debug|Any CPU
		{AB9DF9A6-0307-47B8-965D-0A28003290B3}.Debug|Any CPU.Build.0 = Debug|Any CPU
		{AB9DF9A6-0307-47B8-965D-0A28003290B3}.Release|Any CPU.ActiveCfg = Release|Any CPU
		{AB9DF9A6-0307-47B8-965D-0A28003290B3}.Release|Any CPU.Build.0 = Release|Any CPU
	EndGlobalSection
	GlobalSection(SolutionProperties) = preSolution
		HideSolutionNode = FALSE
	EndGlobalSection
	GlobalSection(ExtensibilityGlobals) = postSolution
		SolutionGuid = {644700A2-DCE6-49D9-8E4D-653A340ADE06}
	EndGlobalSection
EndGlobal
